
Microsoft Visual Studio Solution File, Format Version 12.00
# Visual Studio Version 17
VisualStudioVersion = 17.2.32630.192
MinimumVisualStudioVersion = 10.0.40219.1
Project("{FAE04EC0-301F-11D3-BF4B-00C04F79EFBC}") = "TrendChartLibrary", "TrendChartLibrary.csproj", "{858EF0EC-6085-4E55-9DBE-4E30431709BC}"
EndProject
Global
	GlobalSection(SolutionConfigurationPlatforms) = preSolution
		Debug|Any CPU = Debug|Any CPU
		Release|Any CPU = Release|Any CPU
	EndGlobalSection
	GlobalSection(ProjectConfigurationPlatforms) = postSolution
		{858EF0EC-6085-4E55-9DBE-4E30431709BC}.Debug|Any CPU.ActiveCfg = Debug|Any CPU
		{858EF0EC-6085-4E55-9DBE-4E30431709BC}.Debug|Any CPU.Build.0 = Debug|Any CPU
		{858EF0EC-6085-4E55-9DBE-4E30431709BC}.Release|Any CPU.ActiveCfg = Release|Any CPU
		{858EF0EC-6085-4E55-9DBE-4E30431709BC}.Release|Any CPU.Build.0 = Release|Any CPU
	EndGlobalSection
	GlobalSection(SolutionProperties) = preSolution
		HideSolutionNode = FALSE
	EndGlobalSection
	GlobalSection(ExtensibilityGlobals) = postSolution
		SolutionGuid = {231BBA4E-B76F-4945-A798-B00F02A6B411}
	EndGlobalSection
EndGlobal
